Microsoft Visual Studio Solution File, Format Version 11.00
# Visual Studio 2008

Project("{CAD0D67D-052F-61AD-42B0-010983663A45}") = "SuperMassive", "Assembly-CSharp.csproj", "{EA726E21-8A4A-94E9-FEAE-E4098646C707}"
EndProject
Global
	GlobalSection(SolutionConfigurationPlatforms) = preSolution
		Debug|Any CPU = Debug|Any CPU
		Release|Any CPU = Release|Any CPU
	EndGlobalSection
	GlobalSection(ProjectConfigurationPlatforms) = postSolution
		{EA726E21-8A4A-94E9-FEAE-E4098646C707}.Debug|Any CPU.ActiveCfg = Debug|Any CPU
		{EA726E21-8A4A-94E9-FEAE-E4098646C707}.Debug|Any CPU.Build.0 = Debug|Any CPU
		{EA726E21-8A4A-94E9-FEAE-E4098646C707}.Release|Any CPU.ActiveCfg = Release|Any CPU
		{EA726E21-8A4A-94E9-FEAE-E4098646C707}.Release|Any CPU.Build.0 = Release|Any CPU
	EndGlobalSection
	GlobalSection(SolutionProperties) = preSolution
		HideSolutionNode = FALSE
	EndGlobalSection
	GlobalSection(MonoDevelopProperties) = preSolution
		StartupItem = Assembly-CSharp.csproj
	EndGlobalSection
EndGlobal
